
Microsoft Visual Studio Solution File, Format Version 12.00
# Visual Studio 2012
Project("{FAE04EC0-301F-11D3-BF4B-00C04F79EFBC}") = "DefaultWebApiProject", "DefaultWebApiProject\DefaultWebApiProject.csproj", "{5C16E195-9F45-4C88-A2D4-2473469D285D}"
EndProject
Project("{FAE04EC0-301F-11D3-BF4B-00C04F79EFBC}") = "TestPostOfFile", "TestPostOfFile\TestPostOfFile.csproj", "{058402D1-F19A-4EDB-B675-11C0A8CD5107}"
EndProject
Global
	GlobalSection(SolutionConfigurationPlatforms) = preSolution
		Debug|Any CPU = Debug|Any CPU
		Release|Any CPU = Release|Any CPU
	EndGlobalSection
	GlobalSection(ProjectConfigurationPlatforms) = postSolution
		{5C16E195-9F45-4C88-A2D4-2473469D285D}.Debug|Any CPU.ActiveCfg = Debug|Any CPU
		{5C16E195-9F45-4C88-A2D4-2473469D285D}.Debug|Any CPU.Build.0 = Debug|Any CPU
		{5C16E195-9F45-4C88-A2D4-2473469D285D}.Release|Any CPU.ActiveCfg = Release|Any CPU
		{5C16E195-9F45-4C88-A2D4-2473469D285D}.Release|Any CPU.Build.0 = Release|Any CPU
		{058402D1-F19A-4EDB-B675-11C0A8CD5107}.Debug|Any CPU.ActiveCfg = Debug|Any CPU
		{058402D1-F19A-4EDB-B675-11C0A8CD5107}.Debug|Any CPU.Build.0 = Debug|Any CPU
		{058402D1-F19A-4EDB-B675-11C0A8CD5107}.Release|Any CPU.ActiveCfg = Release|Any CPU
		{058402D1-F19A-4EDB-B675-11C0A8CD5107}.Release|Any CPU.Build.0 = Release|Any CPU
	EndGlobalSection
	GlobalSection(SolutionProperties) = preSolution
		HideSolutionNode = FALSE
	EndGlobalSection
EndGlobal
